# This file is automatically @generated by Cargo.
# It is not intended for manual editing.
version = 3

[[package]]
name = "bytemuck"
version = "1.14.0"
source = "registry+https://github.com/rust-lang/crates.io-index"
checksum = "374d28ec25809ee0e23827c2ab573d729e293f281dfe393500e7ad618baa61c6"

[[package]]
name = "notan"
version = "1.0.0-alpha.0"
dependencies = [
 "bytemuck",
 "notan_sys",
]

[[package]]
name = "notan_sys"
version = "1.0.0-alpha.0"
